
Microsoft Visual Studio Solution File, Format Version 12.00
# Visual Studio Version 16
VisualStudioVersion = 16.0.31911.196
MinimumVisualStudioVersion = 10.0.40219.1
Project("{FAE04EC0-301F-11D3-BF4B-00C04F79EFBC}") = "8SavarankiskasDarbas", "8SavarankiskasDarbas\8SavarankiskasDarbas.csproj", "{77A5FE95-5C8C-4F76-B987-AD4635295201}"
EndProject
Project("{FAE04EC0-301F-11D3-BF4B-00C04F79EFBC}") = "SaskaitaStruct", "Saskaita\SaskaitaStruct.csproj", "{B6E1BF97-B85E-4353-B85C-79146777839F}"
EndProject
Project("{FAE04EC0-301F-11D3-BF4B-00C04F79EFBC}") = "PalmeStruct", "PalmeStruct\PalmeStruct.csproj", "{14C50458-9DAD-4BF6-AC13-4B1B0F212D54}"
EndProject
Global
	GlobalSection(SolutionConfigurationPlatforms) = preSolution
		Debug|Any CPU = Debug|Any CPU
		Release|Any CPU = Release|Any CPU
	EndGlobalSection
	GlobalSection(ProjectConfigurationPlatforms) = postSolution
		{77A5FE95-5C8C-4F76-B987-AD4635295201}.Debug|Any CPU.ActiveCfg = Debug|Any CPU
		{77A5FE95-5C8C-4F76-B987-AD4635295201}.Debug|Any CPU.Build.0 = Debug|Any CPU
		{77A5FE95-5C8C-4F76-B987-AD4635295201}.Release|Any CPU.ActiveCfg = Release|Any CPU
		{77A5FE95-5C8C-4F76-B987-AD4635295201}.Release|Any CPU.Build.0 = Release|Any CPU
		{B6E1BF97-B85E-4353-B85C-79146777839F}.Debug|Any CPU.ActiveCfg = Debug|Any CPU
		{B6E1BF97-B85E-4353-B85C-79146777839F}.Debug|Any CPU.Build.0 = Debug|Any CPU
		{B6E1BF97-B85E-4353-B85C-79146777839F}.Release|Any CPU.ActiveCfg = Release|Any CPU
		{B6E1BF97-B85E-4353-B85C-79146777839F}.Release|Any CPU.Build.0 = Release|Any CPU
		{14C50458-9DAD-4BF6-AC13-4B1B0F212D54}.Debug|Any CPU.ActiveCfg = Debug|Any CPU
		{14C50458-9DAD-4BF6-AC13-4B1B0F212D54}.Debug|Any CPU.Build.0 = Debug|Any CPU
		{14C50458-9DAD-4BF6-AC13-4B1B0F212D54}.Release|Any CPU.ActiveCfg = Release|Any CPU
		{14C50458-9DAD-4BF6-AC13-4B1B0F212D54}.Release|Any CPU.Build.0 = Release|Any CPU
	EndGlobalSection
	GlobalSection(SolutionProperties) = preSolution
		HideSolutionNode = FALSE
	EndGlobalSection
	GlobalSection(ExtensibilityGlobals) = postSolution
		SolutionGuid = {952F685E-CEAC-4564-A1E5-81BB78E2EBD6}
	EndGlobalSection
EndGlobal
