
Microsoft Visual Studio Solution File, Format Version 12.00
# Visual Studio Version 16
VisualStudioVersion = 16.0.31911.196
MinimumVisualStudioVersion = 10.0.40219.1
Project("{FAE04EC0-301F-11D3-BF4B-00C04F79EFBC}") = "BilietavimoSistema", "BilietavimoSistema\BilietavimoSistema.csproj", "{5700228B-403D-4EEB-B163-9E31D745FFB6}"
EndProject
Global
	GlobalSection(SolutionConfigurationPlatforms) = preSolution
		Debug|Any CPU = Debug|Any CPU
		Release|Any CPU = Release|Any CPU
	EndGlobalSection
	GlobalSection(ProjectConfigurationPlatforms) = postSolution
		{5700228B-403D-4EEB-B163-9E31D745FFB6}.Debug|Any CPU.ActiveCfg = Debug|Any CPU
		{5700228B-403D-4EEB-B163-9E31D745FFB6}.Debug|Any CPU.Build.0 = Debug|Any CPU
		{5700228B-403D-4EEB-B163-9E31D745FFB6}.Release|Any CPU.ActiveCfg = Release|Any CPU
		{5700228B-403D-4EEB-B163-9E31D745FFB6}.Release|Any CPU.Build.0 = Release|Any CPU
	EndGlobalSection
	GlobalSection(SolutionProperties) = preSolution
		HideSolutionNode = FALSE
	EndGlobalSection
	GlobalSection(ExtensibilityGlobals) = postSolution
		SolutionGuid = {5D8E2960-3FFD-488A-82CF-D8DDB66A72CE}
	EndGlobalSection
EndGlobal
